
Microsoft Visual Studio Solution File, Format Version 12.00
# Visual Studio Version 16
VisualStudioVersion = 16.0.809.0
MinimumVisualStudioVersion = 10.0.40219.1
Project("{FAE04EC0-301F-11D3-BF4B-00C04F79EFBC}") = "web.Server", "Server\web.Server.csproj", "{EC257990-9C25-4EA9-A199-1504E6F03F98}"
EndProject
Project("{FAE04EC0-301F-11D3-BF4B-00C04F79EFBC}") = "web.Client", "Client\web.Client.csproj", "{CE3662BE-3D7C-4147-A5D3-AF9A26760A40}"
EndProject
Project("{FAE04EC0-301F-11D3-BF4B-00C04F79EFBC}") = "web.Shared", "Shared\web.Shared.csproj", "{4862799A-A0A2-45F1-9F75-83A107E7305A}"
EndProject
Global
	GlobalSection(SolutionConfigurationPlatforms) = preSolution
		Debug|Any CPU = Debug|Any CPU
		Release|Any CPU = Release|Any CPU
	EndGlobalSection
	GlobalSection(ProjectConfigurationPlatforms) = postSolution
		{EC257990-9C25-4EA9-A199-1504E6F03F98}.Debug|Any CPU.ActiveCfg = Debug|Any CPU
		{EC257990-9C25-4EA9-A199-1504E6F03F98}.Debug|Any CPU.Build.0 = Debug|Any CPU
		{EC257990-9C25-4EA9-A199-1504E6F03F98}.Release|Any CPU.ActiveCfg = Release|Any CPU
		{EC257990-9C25-4EA9-A199-1504E6F03F98}.Release|Any CPU.Build.0 = Release|Any CPU
		{CE3662BE-3D7C-4147-A5D3-AF9A26760A40}.Debug|Any CPU.ActiveCfg = Debug|Any CPU
		{CE3662BE-3D7C-4147-A5D3-AF9A26760A40}.Debug|Any CPU.Build.0 = Debug|Any CPU
		{CE3662BE-3D7C-4147-A5D3-AF9A26760A40}.Release|Any CPU.ActiveCfg = Release|Any CPU
		{CE3662BE-3D7C-4147-A5D3-AF9A26760A40}.Release|Any CPU.Build.0 = Release|Any CPU
		{4862799A-A0A2-45F1-9F75-83A107E7305A}.Debug|Any CPU.ActiveCfg = Debug|Any CPU
		{4862799A-A0A2-45F1-9F75-83A107E7305A}.Debug|Any CPU.Build.0 = Debug|Any CPU
		{4862799A-A0A2-45F1-9F75-83A107E7305A}.Release|Any CPU.ActiveCfg = Release|Any CPU
		{4862799A-A0A2-45F1-9F75-83A107E7305A}.Release|Any CPU.Build.0 = Release|Any CPU
	EndGlobalSection
	GlobalSection(SolutionProperties) = preSolution
		HideSolutionNode = FALSE
	EndGlobalSection
	GlobalSection(ExtensibilityGlobals) = postSolution
		SolutionGuid = {12364226-FD0E-4431-8595-88E3E860B3E0}
	EndGlobalSection
EndGlobal
